
Microsoft Visual Studio Solution File, Format Version 12.00
# Visual Studio Version 17
VisualStudioVersion = 17.12.35707.178
MinimumVisualStudioVersion = 10.0.40219.1
Project("{2150E333-8FDC-42A3-9474-1A3956D46DE8}") = "src", "src", "{54771768-1D59-4973-A02D-A1C67576EDD3}"
EndProject
Project("{2150E333-8FDC-42A3-9474-1A3956D46DE8}") = "services", "services", "{77B80658-D57D-45EE-987A-0FD7B7C94C96}"
EndProject
Project("{2150E333-8FDC-42A3-9474-1A3956D46DE8}") = "catalog", "catalog", "{0DE597AB-2CBA-4FCF-A361-30AFFAD92BF0}"
EndProject
Project("{FAE04EC0-301F-11D3-BF4B-00C04F79EFBC}") = "MicroserviceCourse.Catalog.Api", "MicroserviceCourse.Catalog.Api\MicroserviceCourse.Catalog.Api.csproj", "{1B6B4000-6C6D-446D-881B-80C98DC460F7}"
EndProject
Project("{E53339B2-1760-4266-BCC7-CA923CBCF16C}") = "docker-compose", "docker-compose.dcproj", "{283E2553-9926-48D4-B75D-958AA2FFEB1F}"
EndProject
Project("{2150E333-8FDC-42A3-9474-1A3956D46DE8}") = "shared", "shared", "{34F0E87A-919F-4E46-8008-5BBEF61A658C}"
EndProject
Project("{2150E333-8FDC-42A3-9474-1A3956D46DE8}") = "basket", "basket", "{8C8DED29-0567-4BC4-8C03-93B5D2697A80}"
EndProject
Project("{FAE04EC0-301F-11D3-BF4B-00C04F79EFBC}") = "MicroserviceCourse.Basket.Api", "MicroserviceCourse.Basket.Api\MicroserviceCourse.Basket.Api.csproj", "{03671D8B-7379-4627-9109-EF03B714EAF4}"
EndProject
Project("{FAE04EC0-301F-11D3-BF4B-00C04F79EFBC}") = "MicroserviceCourse.Shared", "MicroserviceCourse.Shared\MicroserviceCourse.Shared.csproj", "{5F88A1DF-F6EE-489C-BDC9-7A6BB776EC67}"
EndProject
Project("{2150E333-8FDC-42A3-9474-1A3956D46DE8}") = "discount", "discount", "{7C02CC2F-EB4E-48F1-96D1-23A77516A882}"
EndProject
Project("{FAE04EC0-301F-11D3-BF4B-00C04F79EFBC}") = "MicroserviceCourse.Discount.Api", "MicroserviceCourse.Discount.Api\MicroserviceCourse.Discount.Api.csproj", "{1E866506-23E5-4E20-85ED-FBD8DF0D2F2D}"
EndProject
Project("{2150E333-8FDC-42A3-9474-1A3956D46DE8}") = "file", "file", "{B6E46F7D-AACC-4B1E-927E-91D237C4A9B0}"
EndProject
Project("{FAE04EC0-301F-11D3-BF4B-00C04F79EFBC}") = "MicroserviceCourse.File.Api", "MicroserviceCourse.File.Api\MicroserviceCourse.File.Api.csproj", "{DEA4D8AF-435B-4F32-BF22-DEBE97C10938}"
EndProject
Project("{2150E333-8FDC-42A3-9474-1A3956D46DE8}") = "order", "order", "{D76C5A6E-52E8-4036-84FF-96992821874D}"
EndProject
Project("{2150E333-8FDC-42A3-9474-1A3956D46DE8}") = "api", "api", "{1C3FF628-0173-4D50-821A-ECFD9C84BE27}"
EndProject
Project("{2150E333-8FDC-42A3-9474-1A3956D46DE8}") = "core", "core", "{CB6A0A68-EFC7-4703-BA50-4537FF3521AB}"
EndProject
Project("{2150E333-8FDC-42A3-9474-1A3956D46DE8}") = "infrastructure", "infrastructure", "{47B96CB6-93CA-426F-AD8D-26AD0444E6BA}"
EndProject
Project("{FAE04EC0-301F-11D3-BF4B-00C04F79EFBC}") = "MicroserviceCourse.Order.Api", "MicroserviceCourse.Order.Api\MicroserviceCourse.Order.Api.csproj", "{93AB4BE7-288C-462E-9264-47CFD807DC99}"
EndProject
Project("{FAE04EC0-301F-11D3-BF4B-00C04F79EFBC}") = "MicroserviceCourse.Order.Domain", "MicroserviceCourse.Order.Domain\MicroserviceCourse.Order.Domain.csproj", "{984E7E82-4198-40A8-8C35-ACCD847248FF}"
EndProject
Project("{FAE04EC0-301F-11D3-BF4B-00C04F79EFBC}") = "MicroserviceCourse.Order.Application", "MicroserviceCourse.Order.Application\MicroserviceCourse.Order.Application.csproj", "{E501A593-668D-414B-83E9-1D44DE817303}"
EndProject
Project("{FAE04EC0-301F-11D3-BF4B-00C04F79EFBC}") = "MicroserviceCourse.Order.Persistence", "MicroserviceCourse.Order.Persistence\MicroserviceCourse.Order.Persistence.csproj", "{93417C8E-0B99-40F7-A299-2E67AD2227E8}"
EndProject
Global
	GlobalSection(SolutionConfigurationPlatforms) = preSolution
		Debug|Any CPU = Debug|Any CPU
		Release|Any CPU = Release|Any CPU
	EndGlobalSection
	GlobalSection(ProjectConfigurationPlatforms) = postSolution
		{1B6B4000-6C6D-446D-881B-80C98DC460F7}.Debug|Any CPU.ActiveCfg = Debug|Any CPU
		{1B6B4000-6C6D-446D-881B-80C98DC460F7}.Debug|Any CPU.Build.0 = Debug|Any CPU
		{1B6B4000-6C6D-446D-881B-80C98DC460F7}.Release|Any CPU.ActiveCfg = Release|Any CPU
		{1B6B4000-6C6D-446D-881B-80C98DC460F7}.Release|Any CPU.Build.0 = Release|Any CPU
		{283E2553-9926-48D4-B75D-958AA2FFEB1F}.Debug|Any CPU.ActiveCfg = Debug|Any CPU
		{283E2553-9926-48D4-B75D-958AA2FFEB1F}.Debug|Any CPU.Build.0 = Debug|Any CPU
		{283E2553-9926-48D4-B75D-958AA2FFEB1F}.Release|Any CPU.ActiveCfg = Release|Any CPU
		{283E2553-9926-48D4-B75D-958AA2FFEB1F}.Release|Any CPU.Build.0 = Release|Any CPU
		{03671D8B-7379-4627-9109-EF03B714EAF4}.Debug|Any CPU.ActiveCfg = Debug|Any CPU
		{03671D8B-7379-4627-9109-EF03B714EAF4}.Debug|Any CPU.Build.0 = Debug|Any CPU
		{03671D8B-7379-4627-9109-EF03B714EAF4}.Release|Any CPU.ActiveCfg = Release|Any CPU
		{03671D8B-7379-4627-9109-EF03B714EAF4}.Release|Any CPU.Build.0 = Release|Any CPU
		{5F88A1DF-F6EE-489C-BDC9-7A6BB776EC67}.Debug|Any CPU.ActiveCfg = Debug|Any CPU
		{5F88A1DF-F6EE-489C-BDC9-7A6BB776EC67}.Debug|Any CPU.Build.0 = Debug|Any CPU
		{5F88A1DF-F6EE-489C-BDC9-7A6BB776EC67}.Release|Any CPU.ActiveCfg = Release|Any CPU
		{5F88A1DF-F6EE-489C-BDC9-7A6BB776EC67}.Release|Any CPU.Build.0 = Release|Any CPU
		{1E866506-23E5-4E20-85ED-FBD8DF0D2F2D}.Debug|Any CPU.ActiveCfg = Debug|Any CPU
		{1E866506-23E5-4E20-85ED-FBD8DF0D2F2D}.Debug|Any CPU.Build.0 = Debug|Any CPU
		{1E866506-23E5-4E20-85ED-FBD8DF0D2F2D}.Release|Any CPU.ActiveCfg = Release|Any CPU
		{1E866506-23E5-4E20-85ED-FBD8DF0D2F2D}.Release|Any CPU.Build.0 = Release|Any CPU
		{DEA4D8AF-435B-4F32-BF22-DEBE97C10938}.Debug|Any CPU.ActiveCfg = Debug|Any CPU
		{DEA4D8AF-435B-4F32-BF22-DEBE97C10938}.Debug|Any CPU.Build.0 = Debug|Any CPU
		{DEA4D8AF-435B-4F32-BF22-DEBE97C10938}.Release|Any CPU.ActiveCfg = Release|Any CPU
		{DEA4D8AF-435B-4F32-BF22-DEBE97C10938}.Release|Any CPU.Build.0 = Release|Any CPU
		{93AB4BE7-288C-462E-9264-47CFD807DC99}.Debug|Any CPU.ActiveCfg = Debug|Any CPU
		{93AB4BE7-288C-462E-9264-47CFD807DC99}.Debug|Any CPU.Build.0 = Debug|Any CPU
		{93AB4BE7-288C-462E-9264-47CFD807DC99}.Release|Any CPU.ActiveCfg = Release|Any CPU
		{93AB4BE7-288C-462E-9264-47CFD807DC99}.Release|Any CPU.Build.0 = Release|Any CPU
		{984E7E82-4198-40A8-8C35-ACCD847248FF}.Debug|Any CPU.ActiveCfg = Debug|Any CPU
		{984E7E82-4198-40A8-8C35-ACCD847248FF}.Debug|Any CPU.Build.0 = Debug|Any CPU
		{984E7E82-4198-40A8-8C35-ACCD847248FF}.Release|Any CPU.ActiveCfg = Release|Any CPU
		{984E7E82-4198-40A8-8C35-ACCD847248FF}.Release|Any CPU.Build.0 = Release|Any CPU
		{E501A593-668D-414B-83E9-1D44DE817303}.Debug|Any CPU.ActiveCfg = Debug|Any CPU
		{E501A593-668D-414B-83E9-1D44DE817303}.Debug|Any CPU.Build.0 = Debug|Any CPU
		{E501A593-668D-414B-83E9-1D44DE817303}.Release|Any CPU.ActiveCfg = Release|Any CPU
		{E501A593-668D-414B-83E9-1D44DE817303}.Release|Any CPU.Build.0 = Release|Any CPU
		{93417C8E-0B99-40F7-A299-2E67AD2227E8}.Debug|Any CPU.ActiveCfg = Debug|Any CPU
		{93417C8E-0B99-40F7-A299-2E67AD2227E8}.Debug|Any CPU.Build.0 = Debug|Any CPU
		{93417C8E-0B99-40F7-A299-2E67AD2227E8}.Release|Any CPU.ActiveCfg = Release|Any CPU
		{93417C8E-0B99-40F7-A299-2E67AD2227E8}.Release|Any CPU.Build.0 = Release|Any CPU
	EndGlobalSection
	GlobalSection(SolutionProperties) = preSolution
		HideSolutionNode = FALSE
	EndGlobalSection
	GlobalSection(NestedProjects) = preSolution
		{77B80658-D57D-45EE-987A-0FD7B7C94C96} = {54771768-1D59-4973-A02D-A1C67576EDD3}
		{0DE597AB-2CBA-4FCF-A361-30AFFAD92BF0} = {77B80658-D57D-45EE-987A-0FD7B7C94C96}
		{1B6B4000-6C6D-446D-881B-80C98DC460F7} = {0DE597AB-2CBA-4FCF-A361-30AFFAD92BF0}
		{34F0E87A-919F-4E46-8008-5BBEF61A658C} = {54771768-1D59-4973-A02D-A1C67576EDD3}
		{8C8DED29-0567-4BC4-8C03-93B5D2697A80} = {77B80658-D57D-45EE-987A-0FD7B7C94C96}
		{03671D8B-7379-4627-9109-EF03B714EAF4} = {8C8DED29-0567-4BC4-8C03-93B5D2697A80}
		{5F88A1DF-F6EE-489C-BDC9-7A6BB776EC67} = {34F0E87A-919F-4E46-8008-5BBEF61A658C}
		{7C02CC2F-EB4E-48F1-96D1-23A77516A882} = {77B80658-D57D-45EE-987A-0FD7B7C94C96}
		{1E866506-23E5-4E20-85ED-FBD8DF0D2F2D} = {7C02CC2F-EB4E-48F1-96D1-23A77516A882}
		{B6E46F7D-AACC-4B1E-927E-91D237C4A9B0} = {77B80658-D57D-45EE-987A-0FD7B7C94C96}
		{DEA4D8AF-435B-4F32-BF22-DEBE97C10938} = {B6E46F7D-AACC-4B1E-927E-91D237C4A9B0}
		{D76C5A6E-52E8-4036-84FF-96992821874D} = {77B80658-D57D-45EE-987A-0FD7B7C94C96}
		{1C3FF628-0173-4D50-821A-ECFD9C84BE27} = {D76C5A6E-52E8-4036-84FF-96992821874D}
		{CB6A0A68-EFC7-4703-BA50-4537FF3521AB} = {D76C5A6E-52E8-4036-84FF-96992821874D}
		{47B96CB6-93CA-426F-AD8D-26AD0444E6BA} = {D76C5A6E-52E8-4036-84FF-96992821874D}
		{93AB4BE7-288C-462E-9264-47CFD807DC99} = {1C3FF628-0173-4D50-821A-ECFD9C84BE27}
		{984E7E82-4198-40A8-8C35-ACCD847248FF} = {CB6A0A68-EFC7-4703-BA50-4537FF3521AB}
		{E501A593-668D-414B-83E9-1D44DE817303} = {CB6A0A68-EFC7-4703-BA50-4537FF3521AB}
		{93417C8E-0B99-40F7-A299-2E67AD2227E8} = {47B96CB6-93CA-426F-AD8D-26AD0444E6BA}
	EndGlobalSection
EndGlobal
